
Microsoft Visual Studio Solution File, Format Version 12.00
# Visual Studio Version 17
VisualStudioVersion = 17.0.31919.166
MinimumVisualStudioVersion = 10.0.40219.1
Project("{FAE04EC0-301F-11D3-BF4B-00C04F79EFBC}") = "JwtWebApiTutorial", "JwtWebApiTutorial\JwtWebApiTutorial.csproj", "{65CC7480-B05C-4537-8513-89558ABFB6CC}"
EndProject
Global
	GlobalSection(SolutionConfigurationPlatforms) = preSolution
		Debug|Any CPU = Debug|Any CPU
		Release|Any CPU = Release|Any CPU
	EndGlobalSection
	GlobalSection(ProjectConfigurationPlatforms) = postSolution
		{65CC7480-B05C-4537-8513-89558ABFB6CC}.Debug|Any CPU.ActiveCfg = Debug|Any CPU
		{65CC7480-B05C-4537-8513-89558ABFB6CC}.Debug|Any CPU.Build.0 = Debug|Any CPU
		{65CC7480-B05C-4537-8513-89558ABFB6CC}.Release|Any CPU.ActiveCfg = Release|Any CPU
		{65CC7480-B05C-4537-8513-89558ABFB6CC}.Release|Any CPU.Build.0 = Release|Any CPU
	EndGlobalSection
	GlobalSection(SolutionProperties) = preSolution
		HideSolutionNode = FALSE
	EndGlobalSection
	GlobalSection(ExtensibilityGlobals) = postSolution
		SolutionGuid = {FD99A36D-7903-4B49-9ED2-6297FBFC0899}
	EndGlobalSection
EndGlobal
